
Microsoft Visual Studio Solution File, Format Version 12.00
# Visual Studio Version 16
VisualStudioVersion = 16.0.29009.5
MinimumVisualStudioVersion = 10.0.40219.1
Project("{FAE04EC0-301F-11D3-BF4B-00C04F79EFBC}") = "SingleInstance", "SingleInstance\SingleInstance.csproj", "{7063CD45-5359-411A-8DC5-0CB50BDBE36F}"
EndProject
Global
	GlobalSection(SolutionConfigurationPlatforms) = preSolution
		Debug|Any CPU = Debug|Any CPU
		Release|Any CPU = Release|Any CPU
	EndGlobalSection
	GlobalSection(ProjectConfigurationPlatforms) = postSolution
		{7063CD45-5359-411A-8DC5-0CB50BDBE36F}.Debug|Any CPU.ActiveCfg = Debug|Any CPU
		{7063CD45-5359-411A-8DC5-0CB50BDBE36F}.Debug|Any CPU.Build.0 = Debug|Any CPU
		{7063CD45-5359-411A-8DC5-0CB50BDBE36F}.Release|Any CPU.ActiveCfg = Release|Any CPU
		{7063CD45-5359-411A-8DC5-0CB50BDBE36F}.Release|Any CPU.Build.0 = Release|Any CPU
	EndGlobalSection
	GlobalSection(SolutionProperties) = preSolution
		HideSolutionNode = FALSE
	EndGlobalSection
	GlobalSection(ExtensibilityGlobals) = postSolution
		SolutionGuid = {B98EF717-3113-4D50-8CCB-D27E108B70C0}
	EndGlobalSection
EndGlobal
